
Microsoft Visual Studio Solution File, Format Version 12.00
# Visual Studio Version 17
VisualStudioVersion = 17.10.35027.167
MinimumVisualStudioVersion = 10.0.40219.1
Project("{FAE04EC0-301F-11D3-BF4B-00C04F79EFBC}") = "DemoblazeUiTAF", "DemoblazeUiTAF\DemoblazeUiTAF.csproj", "{BBF9D798-9584-47BD-88B2-2CCC112296F2}"
EndProject
Global
	GlobalSection(SolutionConfigurationPlatforms) = preSolution
		Debug|Any CPU = Debug|Any CPU
		Release|Any CPU = Release|Any CPU
	EndGlobalSection
	GlobalSection(ProjectConfigurationPlatforms) = postSolution
		{BBF9D798-9584-47BD-88B2-2CCC112296F2}.Debug|Any CPU.ActiveCfg = Debug|Any CPU
		{BBF9D798-9584-47BD-88B2-2CCC112296F2}.Debug|Any CPU.Build.0 = Debug|Any CPU
		{BBF9D798-9584-47BD-88B2-2CCC112296F2}.Release|Any CPU.ActiveCfg = Release|Any CPU
		{BBF9D798-9584-47BD-88B2-2CCC112296F2}.Release|Any CPU.Build.0 = Release|Any CPU
	EndGlobalSection
	GlobalSection(SolutionProperties) = preSolution
		HideSolutionNode = FALSE
	EndGlobalSection
	GlobalSection(ExtensibilityGlobals) = postSolution
		SolutionGuid = {4F19B6F1-8733-4268-8C6C-E92ECEC43B5F}
	EndGlobalSection
EndGlobal
